
Microsoft Visual Studio Solution File, Format Version 12.00
# Visual Studio Version 17
VisualStudioVersion = 17.7.34024.191
MinimumVisualStudioVersion = 10.0.40219.1
Project("{FAE04EC0-301F-11D3-BF4B-00C04F79EFBC}") = "College", "College\College.csproj", "{350E2955-218F-435C-9CAB-DB630D780C3E}"
EndProject
Global
	GlobalSection(SolutionConfigurationPlatforms) = preSolution
		Debug|Any CPU = Debug|Any CPU
		Release|Any CPU = Release|Any CPU
	EndGlobalSection
	GlobalSection(ProjectConfigurationPlatforms) = postSolution
		{350E2955-218F-435C-9CAB-DB630D780C3E}.Debug|Any CPU.ActiveCfg = Debug|Any CPU
		{350E2955-218F-435C-9CAB-DB630D780C3E}.Debug|Any CPU.Build.0 = Debug|Any CPU
		{350E2955-218F-435C-9CAB-DB630D780C3E}.Release|Any CPU.ActiveCfg = Release|Any CPU
		{350E2955-218F-435C-9CAB-DB630D780C3E}.Release|Any CPU.Build.0 = Release|Any CPU
	EndGlobalSection
	GlobalSection(SolutionProperties) = preSolution
		HideSolutionNode = FALSE
	EndGlobalSection
	GlobalSection(ExtensibilityGlobals) = postSolution
		SolutionGuid = {5F2EB18B-2A6A-4655-AF41-24616D0D6904}
	EndGlobalSection
EndGlobal
